
Microsoft Visual Studio Solution File, Format Version 12.00
# Visual Studio Version 16
VisualStudioVersion = 16.0.31515.178
MinimumVisualStudioVersion = 10.0.40219.1
Project("{9A19103F-16F7-4668-BE54-9A1E7A4F7556}") = "ComputerResourcesService", "ComputerResourcesService\ComputerResourcesService.csproj", "{4BC19284-3B91-4294-A735-18736D834E9C}"
EndProject
Project("{FAE04EC0-301F-11D3-BF4B-00C04F79EFBC}") = "ComputerResourcesMQ", "ComputerResourcesMQ\ComputerResourcesMQ.csproj", "{EE74A9D4-6AAE-404A-975C-8C24AA837636}"
EndProject
Project("{FAE04EC0-301F-11D3-BF4B-00C04F79EFBC}") = "ComputerResourcesBase", "ComputerResourcesBase\ComputerResourcesBase.csproj", "{225BB299-738E-4475-B92C-2F831E2AEC97}"
EndProject
Global
	GlobalSection(SolutionConfigurationPlatforms) = preSolution
		Debug|Any CPU = Debug|Any CPU
		Release|Any CPU = Release|Any CPU
	EndGlobalSection
	GlobalSection(ProjectConfigurationPlatforms) = postSolution
		{4BC19284-3B91-4294-A735-18736D834E9C}.Debug|Any CPU.ActiveCfg = Debug|Any CPU
		{4BC19284-3B91-4294-A735-18736D834E9C}.Debug|Any CPU.Build.0 = Debug|Any CPU
		{4BC19284-3B91-4294-A735-18736D834E9C}.Release|Any CPU.ActiveCfg = Release|Any CPU
		{4BC19284-3B91-4294-A735-18736D834E9C}.Release|Any CPU.Build.0 = Release|Any CPU
		{EE74A9D4-6AAE-404A-975C-8C24AA837636}.Debug|Any CPU.ActiveCfg = Debug|Any CPU
		{EE74A9D4-6AAE-404A-975C-8C24AA837636}.Debug|Any CPU.Build.0 = Debug|Any CPU
		{EE74A9D4-6AAE-404A-975C-8C24AA837636}.Release|Any CPU.ActiveCfg = Release|Any CPU
		{EE74A9D4-6AAE-404A-975C-8C24AA837636}.Release|Any CPU.Build.0 = Release|Any CPU
		{225BB299-738E-4475-B92C-2F831E2AEC97}.Debug|Any CPU.ActiveCfg = Debug|Any CPU
		{225BB299-738E-4475-B92C-2F831E2AEC97}.Debug|Any CPU.Build.0 = Debug|Any CPU
		{225BB299-738E-4475-B92C-2F831E2AEC97}.Release|Any CPU.ActiveCfg = Release|Any CPU
		{225BB299-738E-4475-B92C-2F831E2AEC97}.Release|Any CPU.Build.0 = Release|Any CPU
	EndGlobalSection
	GlobalSection(SolutionProperties) = preSolution
		HideSolutionNode = FALSE
	EndGlobalSection
	GlobalSection(ExtensibilityGlobals) = postSolution
		SolutionGuid = {AE87E151-F6EF-49E3-872C-E6FE00C37FA6}
	EndGlobalSection
EndGlobal
